
Microsoft Visual Studio Solution File, Format Version 12.00
# Visual Studio Version 17
VisualStudioVersion = 17.5.33516.290
MinimumVisualStudioVersion = 10.0.40219.1
Project("{9A19103F-16F7-4668-BE54-9A1E7A4F7556}") = "TravelExperts", "TravelExperts\TravelExperts.csproj", "{A1DCCB43-2D13-484F-A65C-EB1D16370D11}"
EndProject
Project("{9A19103F-16F7-4668-BE54-9A1E7A4F7556}") = "TravelExpertsData", "TravelExpertsData\TravelExpertsData.csproj", "{1CE080DD-BF28-4B3A-AF20-B928707B3760}"
EndProject
Global
	GlobalSection(SolutionConfigurationPlatforms) = preSolution
		Debug|Any CPU = Debug|Any CPU
		Release|Any CPU = Release|Any CPU
	EndGlobalSection
	GlobalSection(ProjectConfigurationPlatforms) = postSolution
		{A1DCCB43-2D13-484F-A65C-EB1D16370D11}.Debug|Any CPU.ActiveCfg = Debug|Any CPU
		{A1DCCB43-2D13-484F-A65C-EB1D16370D11}.Debug|Any CPU.Build.0 = Debug|Any CPU
		{A1DCCB43-2D13-484F-A65C-EB1D16370D11}.Release|Any CPU.ActiveCfg = Release|Any CPU
		{A1DCCB43-2D13-484F-A65C-EB1D16370D11}.Release|Any CPU.Build.0 = Release|Any CPU
		{1CE080DD-BF28-4B3A-AF20-B928707B3760}.Debug|Any CPU.ActiveCfg = Debug|Any CPU
		{1CE080DD-BF28-4B3A-AF20-B928707B3760}.Debug|Any CPU.Build.0 = Debug|Any CPU
		{1CE080DD-BF28-4B3A-AF20-B928707B3760}.Release|Any CPU.ActiveCfg = Release|Any CPU
		{1CE080DD-BF28-4B3A-AF20-B928707B3760}.Release|Any CPU.Build.0 = Release|Any CPU
	EndGlobalSection
	GlobalSection(SolutionProperties) = preSolution
		HideSolutionNode = FALSE
	EndGlobalSection
	GlobalSection(ExtensibilityGlobals) = postSolution
		SolutionGuid = {DAD83E3F-1092-4340-A31C-A88AB9EF26A5}
	EndGlobalSection
EndGlobal
